// !$*UTF8*$!
{
	archiveVersion = 1;
	classes = {
	};
	objectVersion = 56;
	objects = {

/* Begin PBXBuildFile section */
		FC2415C529F7138C001CDB76 /* AppDelegate.swift in Sources */ = {isa = PBXBuildFile; fileRef = FC2415C429F7138C001CDB76 /* AppDelegate.swift */; };
		FC2415C729F7138C001CDB76 /* SceneDelegate.swift in Sources */ = {isa = PBXBuildFile; fileRef = FC2415C629F7138C001CDB76 /* SceneDelegate.swift */; };
		FC2415C929F7138C001CDB76 /* ViewController.swift in Sources */ = {isa = PBXBuildFile; fileRef = FC2415C829F7138C001CDB76 /* ViewController.swift */; };
		FC2415CC29F7138C001CDB76 /* Main.storyboard in Resources */ = {isa = PBXBuildFile; fileRef = FC2415CA29F7138C001CDB76 /* Main.storyboard */; };
		FC2415CE29F71391001CDB76 /* Assets.xcassets in Resources */ = {isa = PBXBuildFile; fileRef = FC2415CD29F71391001CDB76 /* Assets.xcassets */; };
		FC2415D129F71391001CDB76 /* LaunchScreen.storyboard in Resources */ = {isa = PBXBuildFile; fileRef = FC2415CF29F71391001CDB76 /* LaunchScreen.storyboard */; };
		FC2415D929F713FA001CDB76 /* currentDistance.swift in Sources */ = {isa = PBXBuildFile; fileRef = FC2415D829F713FA001CDB76 /* currentDistance.swift */; };
		FC468E7F29FB249C0058C7C7 /* WebKit.framework in Frameworks */ = {isa = PBXBuildFile; fileRef = FC468E7E29FB249C0058C7C7 /* WebKit.framework */; };
		FC468EA529FDF3F60058C7C7 /* VotingViewController.swift in Sources */ = {isa = PBXBuildFile; fileRef = FC468EA429FDF3F60058C7C7 /* VotingViewController.swift */; };
		FC468EA729FDF47E0058C7C7 /* TBViewController.swift in Sources */ = {isa = PBXBuildFile; fileRef = FC468EA629FDF47E0058C7C7 /* TBViewController.swift */; };
		FC9012DE29F9DDF1005FC782 /* LocationPushService.swift in Sources */ = {isa = PBXBuildFile; fileRef = FC9012DD29F9DDF1005FC782 /* LocationPushService.swift */; };
		FC9012E229F9DDF1005FC782 /* GPS.appex in Embed Foundation Extensions */ = {isa = PBXBuildFile; fileRef = FC9012DB29F9DDF1005FC782 /* GPS.appex */; settings = {ATTRIBUTES = (RemoveHeadersOnCopy, ); }; };
/* End PBXBuildFile section */

/* Begin PBXContainerItemProxy section */
		FC9012E029F9DDF1005FC782 /* PBXContainerItemProxy */ = {
			isa = PBXContainerItemProxy;
			containerPortal = FC2415B929F7138C001CDB76 /* Project object */;
			proxyType = 1;
			remoteGlobalIDString = FC9012DA29F9DDF1005FC782;
			remoteInfo = GPS;
		};
/* End PBXContainerItemProxy section */

/* Begin PBXCopyFilesBuildPhase section */
		FC9012E329F9DDF1005FC782 /* Embed Foundation Extensions */ = {
			isa = PBXCopyFilesBuildPhase;
			buildActionMask = 2147483647;
			dstPath = "";
			dstSubfolderSpec = 13;
			files = (
				FC9012E229F9DDF1005FC782 /* GPS.appex in Embed Foundation Extensions */,
			);
			name = "Embed Foundation Extensions";
			runOnlyForDeploymentPostprocessing = 0;
		};
/* End PBXCopyFilesBuildPhase section */

/* Begin PBXFileReference section */
		FC2415C129F7138C001CDB76 /* LocationFinder.app */ = {isa = PBXFileReference; explicitFileType = wrapper.application; includeInIndex = 0; path = LocationFinder.app; sourceTree = BUILT_PRODUCTS_DIR; };
		FC2415C429F7138C001CDB76 /* AppDelegate.swift */ = {isa = PBXFileReference; lastKnownFileType = sourcecode.swift; path = AppDelegate.swift; sourceTree = "<group>"; };
		FC2415C629F7138C001CDB76 /* SceneDelegate.swift */ = {isa = PBXFileReference; lastKnownFileType = sourcecode.swift; path = SceneDelegate.swift; sourceTree = "<group>"; };
		FC2415C829F7138C001CDB76 /* ViewController.swift */ = {isa = PBXFileReference; lastKnownFileType = sourcecode.swift; path = ViewController.swift; sourceTree = "<group>"; };
		FC2415CB29F7138C001CDB76 /* Base */ = {isa = PBXFileReference; lastKnownFileType = file.storyboard; name = Base; path = Base.lproj/Main.storyboard; sourceTree = "<group>"; };
		FC2415CD29F71391001CDB76 /* Assets.xcassets */ = {isa = PBXFileReference; lastKnownFileType = folder.assetcatalog; path = Assets.xcassets; sourceTree = "<group>"; };
		FC2415D029F71391001CDB76 /* Base */ = {isa = PBXFileReference; lastKnownFileType = file.storyboard; name = Base; path = Base.lproj/LaunchScreen.storyboard; sourceTree = "<group>"; };
		FC2415D229F71391001CDB76 /* Info.plist */ = {isa = PBXFileReference; lastKnownFileType = text.plist.xml; path = Info.plist; sourceTree = "<group>"; };
		FC2415D829F713FA001CDB76 /* currentDistance.swift */ = {isa = PBXFileReference; lastKnownFileType = sourcecode.swift; path = currentDistance.swift; sourceTree = "<group>"; };
		FC468E7E29FB249C0058C7C7 /* WebKit.framework */ = {isa = PBXFileReference; lastKnownFileType = wrapper.framework; name = WebKit.framework; path = System/Library/Frameworks/WebKit.framework; sourceTree = SDKROOT; };
		FC468EA429FDF3F60058C7C7 /* VotingViewController.swift */ = {isa = PBXFileReference; lastKnownFileType = sourcecode.swift; path = VotingViewController.swift; sourceTree = "<group>"; };
		FC468EA629FDF47E0058C7C7 /* TBViewController.swift */ = {isa = PBXFileReference; lastKnownFileType = sourcecode.swift; path = TBViewController.swift; sourceTree = "<group>"; };
		FC9012DB29F9DDF1005FC782 /* GPS.appex */ = {isa = PBXFileReference; explicitFileType = "wrapper.app-extension"; includeInIndex = 0; path = GPS.appex; sourceTree = BUILT_PRODUCTS_DIR; };
		FC9012DD29F9DDF1005FC782 /* LocationPushService.swift */ = {isa = PBXFileReference; lastKnownFileType = sourcecode.swift; path = LocationPushService.swift; sourceTree = "<group>"; };
		FC9012DF29F9DDF1005FC782 /* Info.plist */ = {isa = PBXFileReference; lastKnownFileType = text.plist.xml; path = Info.plist; sourceTree = "<group>"; };
/* End PBXFileReference section */

/* Begin PBXFrameworksBuildPhase section */
		FC2415BE29F7138C001CDB76 /* Frameworks */ = {
			isa = PBXFrameworksBuildPhase;
			buildActionMask = 2147483647;
			files = (
				FC468E7F29FB249C0058C7C7 /* WebKit.framework in Frameworks */,
			);
			runOnlyForDeploymentPostprocessing = 0;
		};
		FC9012D829F9DDF1005FC782 /* Frameworks */ = {
			isa = PBXFrameworksBuildPhase;
			buildActionMask = 2147483647;
			files = (
			);
			runOnlyForDeploymentPostprocessing = 0;
		};
/* End PBXFrameworksBuildPhase section */

/* Begin PBXGroup section */
		FC2415B829F7138C001CDB76 = {
			isa = PBXGroup;
			children = (
				FC2415C329F7138C001CDB76 /* LocationFinder */,
				FC9012DC29F9DDF1005FC782 /* GPS */,
				FC2415C229F7138C001CDB76 /* Products */,
				FC468E7D29FB249C0058C7C7 /* Frameworks */,
			);
			sourceTree = "<group>";
		};
		FC2415C229F7138C001CDB76 /* Products */ = {
			isa = PBXGroup;
			children = (
				FC2415C129F7138C001CDB76 /* LocationFinder.app */,
				FC9012DB29F9DDF1005FC782 /* GPS.appex */,
			);
			name = Products;
			sourceTree = "<group>";
		};
		FC2415C329F7138C001CDB76 /* LocationFinder */ = {
			isa = PBXGroup;
			children = (
				FC2415C429F7138C001CDB76 /* AppDelegate.swift */,
				FC2415C629F7138C001CDB76 /* SceneDelegate.swift */,
				FC2415C829F7138C001CDB76 /* ViewController.swift */,
				FC2415CA29F7138C001CDB76 /* Main.storyboard */,
				FC468EA429FDF3F60058C7C7 /* VotingViewController.swift */,
				FC468EA629FDF47E0058C7C7 /* TBViewController.swift */,
				FC2415D829F713FA001CDB76 /* currentDistance.swift */,
				FC2415CD29F71391001CDB76 /* Assets.xcassets */,
				FC2415CF29F71391001CDB76 /* LaunchScreen.storyboard */,
				FC2415D229F71391001CDB76 /* Info.plist */,
			);
			path = LocationFinder;
			sourceTree = "<group>";
		};
		FC468E7D29FB249C0058C7C7 /* Frameworks */ = {
			isa = PBXGroup;
			children = (
				FC468E7E29FB249C0058C7C7 /* WebKit.framework */,
			);
			name = Frameworks;
			sourceTree = "<group>";
		};
		FC9012DC29F9DDF1005FC782 /* GPS */ = {
			isa = PBXGroup;
			children = (
				FC9012DD29F9DDF1005FC782 /* LocationPushService.swift */,
				FC9012DF29F9DDF1005FC782 /* Info.plist */,
			);
			path = GPS;
			sourceTree = "<group>";
		};
/* End PBXGroup section */

/* Begin PBXNativeTarget section */
		FC2415C029F7138C001CDB76 /* LocationFinder */ = {
			isa = PBXNativeTarget;
			buildConfigurationList = FC2415D529F71391001CDB76 /* Build configuration list for PBXNativeTarget "LocationFinder" */;
			buildPhases = (
				FC2415BD29F7138C001CDB76 /* Sources */,
				FC2415BE29F7138C001CDB76 /* Frameworks */,
				FC2415BF29F7138C001CDB76 /* Resources */,
				FC9012E329F9DDF1005FC782 /* Embed Foundation Extensions */,
			);
			buildRules = (
			);
			dependencies = (
				FC9012E129F9DDF1005FC782 /* PBXTargetDependency */,
			);
			name = LocationFinder;
			productName = LocationFinder;
			productReference = FC2415C129F7138C001CDB76 /* LocationFinder.app */;
			productType = "com.apple.product-type.application";
		};
		FC9012DA29F9DDF1005FC782 /* GPS */ = {
			isa = PBXNativeTarget;
			buildConfigurationList = FC9012E629F9DDF1005FC782 /* Build configuration list for PBXNativeTarget "GPS" */;
			buildPhases = (
				FC9012D729F9DDF1005FC782 /* Sources */,
				FC9012D829F9DDF1005FC782 /* Frameworks */,
				FC9012D929F9DDF1005FC782 /* Resources */,
			);
			buildRules = (
			);
			dependencies = (
			);
			name = GPS;
			productName = GPS;
			productReference = FC9012DB29F9DDF1005FC782 /* GPS.appex */;
			productType = "com.apple.product-type.app-extension";
		};
/* End PBXNativeTarget section */

/* Begin PBXProject section */
		FC2415B929F7138C001CDB76 /* Project object */ = {
			isa = PBXProject;
			attributes = {
				BuildIndependentTargetsInParallel = 1;
				LastSwiftUpdateCheck = 1430;
				LastUpgradeCheck = 1430;
				TargetAttributes = {
					FC2415C029F7138C001CDB76 = {
						CreatedOnToolsVersion = 14.3;
					};
					FC9012DA29F9DDF1005FC782 = {
						CreatedOnToolsVersion = 14.3;
					};
				};
			};
			buildConfigurationList = FC2415BC29F7138C001CDB76 /* Build configuration list for PBXProject "LocationFinder" */;
			compatibilityVersion = "Xcode 14.0";
			developmentRegion = en;
			hasScannedForEncodings = 0;
			knownRegions = (
				en,
				Base,
			);
			mainGroup = FC2415B829F7138C001CDB76;
			productRefGroup = FC2415C229F7138C001CDB76 /* Products */;
			projectDirPath = "";
			projectRoot = "";
			targets = (
				FC2415C029F7138C001CDB76 /* LocationFinder */,
				FC9012DA29F9DDF1005FC782 /* GPS */,
			);
		};
/* End PBXProject section */

/* Begin PBXResourcesBuildPhase section */
		FC2415BF29F7138C001CDB76 /* Resources */ = {
			isa = PBXResourcesBuildPhase;
			buildActionMask = 2147483647;
			files = (
				FC2415D129F71391001CDB76 /* LaunchScreen.storyboard in Resources */,
				FC2415CE29F71391001CDB76 /* Assets.xcassets in Resources */,
				FC2415CC29F7138C001CDB76 /* Main.storyboard in Resources */,
			);
			runOnlyForDeploymentPostprocessing = 0;
		};
		FC9012D929F9DDF1005FC782 /* Resources */ = {
			isa = PBXResourcesBuildPhase;
			buildActionMask = 2147483647;
			files = (
			);
			runOnlyForDeploymentPostprocessing = 0;
		};
/* End PBXResourcesBuildPhase section */

/* Begin PBXSourcesBuildPhase section */
		FC2415BD29F7138C001CDB76 /* Sources */ = {
			isa = PBXSourcesBuildPhase;
			buildActionMask = 2147483647;
			files = (
				FC468EA729FDF47E0058C7C7 /* TBViewController.swift in Sources */,
				FC2415C929F7138C001CDB76 /* ViewController.swift in Sources */,
				FC2415C529F7138C001CDB76 /* AppDelegate.swift in Sources */,
				FC2415D929F713FA001CDB76 /* currentDistance.swift in Sources */,
				FC2415C729F7138C001CDB76 /* SceneDelegate.swift in Sources */,
				FC468EA529FDF3F60058C7C7 /* VotingViewController.swift in Sources */,
			);
			runOnlyForDeploymentPostprocessing = 0;
		};
		FC9012D729F9DDF1005FC782 /* Sources */ = {
			isa = PBXSourcesBuildPhase;
			buildActionMask = 2147483647;
			files = (
				FC9012DE29F9DDF1005FC782 /* LocationPushService.swift in Sources */,
			);
			runOnlyForDeploymentPostprocessing = 0;
		};
/* End PBXSourcesBuildPhase section */

/* Begin PBXTargetDependency section */
		FC9012E129F9DDF1005FC782 /* PBXTargetDependency */ = {
			isa = PBXTargetDependency;
			target = FC9012DA29F9DDF1005FC782 /* GPS */;
			targetProxy = FC9012E029F9DDF1005FC782 /* PBXContainerItemProxy */;
		};
/* End PBXTargetDependency section */

/* Begin PBXVariantGroup section */
		FC2415CA29F7138C001CDB76 /* Main.storyboard */ = {
			isa = PBXVariantGroup;
			children = (
				FC2415CB29F7138C001CDB76 /* Base */,
			);
			name = Main.storyboard;
			sourceTree = "<group>";
		};
		FC2415CF29F71391001CDB76 /* LaunchScreen.storyboard */ = {
			isa = PBXVariantGroup;
			children = (
				FC2415D029F71391001CDB76 /* Base */,
			);
			name = LaunchScreen.storyboard;
			sourceTree = "<group>";
		};
/* End PBXVariantGroup section */

/* Begin XCBuildConfiguration section */
		FC2415D329F71391001CDB76 /* Debug */ = {
			isa = XCBuildConfiguration;
			buildSettings = {
				ALWAYS_SEARCH_USER_PATHS = NO;
				CLANG_ANALYZER_NONNULL = YES;
				CLANG_ANALYZER_NUMBER_OBJECT_CONVERSION = YES_AGGRESSIVE;
				CLANG_CXX_LANGUAGE_STANDARD = "gnu++20";
				CLANG_ENABLE_MODULES = YES;
				CLANG_ENABLE_OBJC_ARC = YES;
				CLANG_ENABLE_OBJC_WEAK = YES;
				CLANG_WARN_BLOCK_CAPTURE_AUTORELEASING = YES;
				CLANG_WARN_BOOL_CONVERSION = YES;
				CLANG_WARN_COMMA = YES;
				CLANG_WARN_CONSTANT_CONVERSION = YES;
				CLANG_WARN_DEPRECATED_OBJC_IMPLEMENTATIONS = YES;
				CLANG_WARN_DIRECT_OBJC_ISA_USAGE = YES_ERROR;
				CLANG_WARN_DOCUMENTATION_COMMENTS = YES;
				CLANG_WARN_EMPTY_BODY = YES;
				CLANG_WARN_ENUM_CONVERSION = YES;
				CLANG_WARN_INFINITE_RECURSION = YES;
				CLANG_WARN_INT_CONVERSION = YES;
				CLANG_WARN_NON_LITERAL_NULL_CONVERSION = YES;
				CLANG_WARN_OBJC_IMPLICIT_RETAIN_SELF = YES;
				CLANG_WARN_OBJC_LITERAL_CONVERSION = YES;
				CLANG_WARN_OBJC_ROOT_CLASS = YES_ERROR;
				CLANG_WARN_QUOTED_INCLUDE_IN_FRAMEWORK_HEADER = YES;
				CLANG_WARN_RANGE_LOOP_ANALYSIS = YES;
				CLANG_WARN_STRICT_PROTOTYPES = YES;
				CLANG_WARN_SUSPICIOUS_MOVE = YES;
				CLANG_WARN_UNGUARDED_AVAILABILITY = YES_AGGRESSIVE;
				CLANG_WARN_UNREACHABLE_CODE = YES;
				CLANG_WARN__DUPLICATE_METHOD_MATCH = YES;
				COPY_PHASE_STRIP = NO;
				DEBUG_INFORMATION_FORMAT = dwarf;
				ENABLE_STRICT_OBJC_MSGSEND = YES;
				ENABLE_TESTABILITY = YES;
				GCC_C_LANGUAGE_STANDARD = gnu11;
				GCC_DYNAMIC_NO_PIC = NO;
				GCC_NO_COMMON_BLOCKS = YES;
				GCC_OPTIMIZATION_LEVEL = 0;
				GCC_PREPROCESSOR_DEFINITIONS = (
					"DEBUG=1",
					"$(inherited)",
				);
				GCC_WARN_64_TO_32_BIT_CONVERSION = YES;
				GCC_WARN_ABOUT_RETURN_TYPE = YES_ERROR;
				GCC_WARN_UNDECLARED_SELECTOR = YES;
				GCC_WARN_UNINITIALIZED_AUTOS = YES_AGGRESSIVE;
				GCC_WARN_UNUSED_FUNCTION = YES;
				GCC_WARN_UNUSED_VARIABLE = YES;
				IPHONEOS_DEPLOYMENT_TARGET = 16.4;
				MTL_ENABLE_DEBUG_INFO = INCLUDE_SOURCE;
				MTL_FAST_MATH = YES;
				ONLY_ACTIVE_ARCH = YES;
				SDKROOT = iphoneos;
				SWIFT_ACTIVE_COMPILATION_CONDITIONS = DEBUG;
				SWIFT_OPTIMIZATION_LEVEL = "-Onone";
			};
			name = Debug;
		};
		FC2415D429F71391001CDB76 /* Release */ = {
			isa = XCBuildConfiguration;
			buildSettings = {
				ALWAYS_SEARCH_USER_PATHS = NO;
				CLANG_ANALYZER_NONNULL = YES;
				CLANG_ANALYZER_NUMBER_OBJECT_CONVERSION = YES_AGGRESSIVE;
				CLANG_CXX_LANGUAGE_STANDARD = "gnu++20";
				CLANG_ENABLE_MODULES = YES;
				CLANG_ENABLE_OBJC_ARC = YES;
				CLANG_ENABLE_OBJC_WEAK = YES;
				CLANG_WARN_BLOCK_CAPTURE_AUTORELEASING = YES;
				CLANG_WARN_BOOL_CONVERSION = YES;
				CLANG_WARN_COMMA = YES;
				CLANG_WARN_CONSTANT_CONVERSION = YES;
				CLANG_WARN_DEPRECATED_OBJC_IMPLEMENTATIONS = YES;
				CLANG_WARN_DIRECT_OBJC_ISA_USAGE = YES_ERROR;
				CLANG_WARN_DOCUMENTATION_COMMENTS = YES;
				CLANG_WARN_EMPTY_BODY = YES;
				CLANG_WARN_ENUM_CONVERSION = YES;
				CLANG_WARN_INFINITE_RECURSION = YES;
				CLANG_WARN_INT_CONVERSION = YES;
				CLANG_WARN_NON_LITERAL_NULL_CONVERSION = YES;
				CLANG_WARN_OBJC_IMPLICIT_RETAIN_SELF = YES;
				CLANG_WARN_OBJC_LITERAL_CONVERSION = YES;
				CLANG_WARN_OBJC_ROOT_CLASS = YES_ERROR;
				CLANG_WARN_QUOTED_INCLUDE_IN_FRAMEWORK_HEADER = YES;
				CLANG_WARN_RANGE_LOOP_ANALYSIS = YES;
				CLANG_WARN_STRICT_PROTOTYPES = YES;
				CLANG_WARN_SUSPICIOUS_MOVE = YES;
				CLANG_WARN_UNGUARDED_AVAILABILITY = YES_AGGRESSIVE;
				CLANG_WARN_UNREACHABLE_CODE = YES;
				CLANG_WARN__DUPLICATE_METHOD_MATCH = YES;
				COPY_PHASE_STRIP = NO;
				DEBUG_INFORMATION_FORMAT = "dwarf-with-dsym";
				ENABLE_NS_ASSERTIONS = NO;
				ENABLE_STRICT_OBJC_MSGSEND = YES;
				GCC_C_LANGUAGE_STANDARD = gnu11;
				GCC_NO_COMMON_BLOCKS = YES;
				GCC_WARN_64_TO_32_BIT_CONVERSION = YES;
				GCC_WARN_ABOUT_RETURN_TYPE = YES_ERROR;
				GCC_WARN_UNDECLARED_SELECTOR = YES;
				GCC_WARN_UNINITIALIZED_AUTOS = YES_AGGRESSIVE;
				GCC_WARN_UNUSED_FUNCTION = YES;
				GCC_WARN_UNUSED_VARIABLE = YES;
				IPHONEOS_DEPLOYMENT_TARGET = 16.4;
				MTL_ENABLE_DEBUG_INFO = NO;
				MTL_FAST_MATH = YES;
				SDKROOT = iphoneos;
				SWIFT_COMPILATION_MODE = wholemodule;
				SWIFT_OPTIMIZATION_LEVEL = "-O";
				VALIDATE_PRODUCT = YES;
			};
			name = Release;
		};
		FC2415D629F71391001CDB76 /* Debug */ = {
			isa = XCBuildConfiguration;
			buildSettings = {
				ALWAYS_EMBED_SWIFT_STANDARD_LIBRARIES = YES;
				ASSETCATALOG_COMPILER_APPICON_NAME = AppIcon;
				ASSETCATALOG_COMPILER_GLOBAL_ACCENT_COLOR_NAME = AccentColor;
				CODE_SIGN_STYLE = Automatic;
				CURRENT_PROJECT_VERSION = 1;
				DEVELOPMENT_TEAM = 5KJQZ5KU4L;
				GENERATE_INFOPLIST_FILE = YES;
				INFOPLIST_FILE = LocationFinder/Info.plist;
				INFOPLIST_KEY_UIApplicationSupportsIndirectInputEvents = YES;
				INFOPLIST_KEY_UILaunchStoryboardName = LaunchScreen;
				INFOPLIST_KEY_UIMainStoryboardFile = Main;
				INFOPLIST_KEY_UISupportedInterfaceOrientations_iPad = "UIInterfaceOrientationPortrait UIInterfaceOrientationPortraitUpsideDown UIInterfaceOrientationLandscapeLeft UIInterfaceOrientationLandscapeRight";
				INFOPLIST_KEY_UISupportedInterfaceOrientations_iPhone = "UIInterfaceOrientationPortrait UIInterfaceOrientationLandscapeLeft UIInterfaceOrientationLandscapeRight";
				LD_RUNPATH_SEARCH_PATHS = (
					"$(inherited)",
					"@executable_path/Frameworks",
				);
				MARKETING_VERSION = 1.0;
				PRODUCT_BUNDLE_IDENTIFIER = SCS141.LocationFinder;
				PRODUCT_NAME = "$(TARGET_NAME)";
				SWIFT_EMIT_LOC_STRINGS = YES;
				SWIFT_VERSION = 5.0;
				TARGETED_DEVICE_FAMILY = "1,2";
			};
			name = Debug;
		};
		FC2415D729F71391001CDB76 /* Release */ = {
			isa = XCBuildConfiguration;
			buildSettings = {
				ALWAYS_EMBED_SWIFT_STANDARD_LIBRARIES = YES;
				ASSETCATALOG_COMPILER_APPICON_NAME = AppIcon;
				ASSETCATALOG_COMPILER_GLOBAL_ACCENT_COLOR_NAME = AccentColor;
				CODE_SIGN_STYLE = Automatic;
				CURRENT_PROJECT_VERSION = 1;
				DEVELOPMENT_TEAM = 5KJQZ5KU4L;
				GENERATE_INFOPLIST_FILE = YES;
				INFOPLIST_FILE = LocationFinder/Info.plist;
				INFOPLIST_KEY_UIApplicationSupportsIndirectInputEvents = YES;
				INFOPLIST_KEY_UILaunchStoryboardName = LaunchScreen;
				INFOPLIST_KEY_UIMainStoryboardFile = Main;
				INFOPLIST_KEY_UISupportedInterfaceOrientations_iPad = "UIInterfaceOrientationPortrait UIInterfaceOrientationPortraitUpsideDown UIInterfaceOrientationLandscapeLeft UIInterfaceOrientationLandscapeRight";
				INFOPLIST_KEY_UISupportedInterfaceOrientations_iPhone = "UIInterfaceOrientationPortrait UIInterfaceOrientationLandscapeLeft UIInterfaceOrientationLandscapeRight";
				LD_RUNPATH_SEARCH_PATHS = (
					"$(inherited)",
					"@executable_path/Frameworks",
				);
				MARKETING_VERSION = 1.0;
				PRODUCT_BUNDLE_IDENTIFIER = SCS141.LocationFinder;
				PRODUCT_NAME = "$(TARGET_NAME)";
				SWIFT_EMIT_LOC_STRINGS = YES;
				SWIFT_VERSION = 5.0;
				TARGETED_DEVICE_FAMILY = "1,2";
			};
			name = Release;
		};
		FC9012E429F9DDF1005FC782 /* Debug */ = {
			isa = XCBuildConfiguration;
			buildSettings = {
				CODE_SIGN_STYLE = Automatic;
				CURRENT_PROJECT_VERSION = 1;
				DEVELOPMENT_TEAM = 5KJQZ5KU4L;
				GENERATE_INFOPLIST_FILE = YES;
				INFOPLIST_FILE = GPS/Info.plist;
				INFOPLIST_KEY_CFBundleDisplayName = GPS;
				INFOPLIST_KEY_NSHumanReadableCopyright = "";
				LD_RUNPATH_SEARCH_PATHS = (
					"$(inherited)",
					"@executable_path/Frameworks",
					"@executable_path/../../Frameworks",
				);
				MARKETING_VERSION = 1.0;
				PRODUCT_BUNDLE_IDENTIFIER = SCS141.LocationFinder.GPS;
				PRODUCT_NAME = "$(TARGET_NAME)";
				SKIP_INSTALL = YES;
				SWIFT_EMIT_LOC_STRINGS = YES;
				SWIFT_VERSION = 5.0;
				TARGETED_DEVICE_FAMILY = "1,2";
			};
			name = Debug;
		};
		FC9012E529F9DDF1005FC782 /* Release */ = {
			isa = XCBuildConfiguration;
			buildSettings = {
				CODE_SIGN_STYLE = Automatic;
				CURRENT_PROJECT_VERSION = 1;
				DEVELOPMENT_TEAM = 5KJQZ5KU4L;
				GENERATE_INFOPLIST_FILE = YES;
				INFOPLIST_FILE = GPS/Info.plist;
				INFOPLIST_KEY_CFBundleDisplayName = GPS;
				INFOPLIST_KEY_NSHumanReadableCopyright = "";
				LD_RUNPATH_SEARCH_PATHS = (
					"$(inherited)",
					"@executable_path/Frameworks",
					"@executable_path/../../Frameworks",
				);
				MARKETING_VERSION = 1.0;
				PRODUCT_BUNDLE_IDENTIFIER = SCS141.LocationFinder.GPS;
				PRODUCT_NAME = "$(TARGET_NAME)";
				SKIP_INSTALL = YES;
				SWIFT_EMIT_LOC_STRINGS = YES;
				SWIFT_VERSION = 5.0;
				TARGETED_DEVICE_FAMILY = "1,2";
			};
			name = Release;
		};
/* End XCBuildConfiguration section */

/* Begin XCConfigurationList section */
		FC2415BC29F7138C001CDB76 /* Build configuration list for PBXProject "LocationFinder" */ = {
			isa = XCConfigurationList;
			buildConfigurations = (
				FC2415D329F71391001CDB76 /* Debug */,
				FC2415D429F71391001CDB76 /* Release */,
			);
			defaultConfigurationIsVisible = 0;
			defaultConfigurationName = Release;
		};
		FC2415D529F71391001CDB76 /* Build configuration list for PBXNativeTarget "LocationFinder" */ = {
			isa = XCConfigurationList;
			buildConfigurations = (
				FC2415D629F71391001CDB76 /* Debug */,
				FC2415D729F71391001CDB76 /* Release */,
			);
			defaultConfigurationIsVisible = 0;
			defaultConfigurationName = Release;
		};
		FC9012E629F9DDF1005FC782 /* Build configuration list for PBXNativeTarget "GPS" */ = {
			isa = XCConfigurationList;
			buildConfigurations = (
				FC9012E429F9DDF1005FC782 /* Debug */,
				FC9012E529F9DDF1005FC782 /* Release */,
			);
			defaultConfigurationIsVisible = 0;
			defaultConfigurationName = Release;
		};
/* End XCConfigurationList section */
	};
	rootObject = FC2415B929F7138C001CDB76 /* Project object */;
}
